version = 1
revision = 3
requires-python = "==3.10.*"

[[package]]
name = "carro-autonomo"
version = "0.1.0"
source = { virtual = "." }
dependencies = [
    { name = "fake-rpi", marker = "sys_platform != 'linux'" },
    { name = "numpy" },
    { name = "opencv-python" },
    { name = "rpi-gpio", marker = "sys_platform == 'linux'" },
]

[package.metadata]
requires-dist = [
    { name = "fake-rpi", marker = "sys_platform != 'linux'" },
    { name = "numpy" },
    { name = "opencv-python" },
    { name = "rpi-gpio", marker = "sys_platform == 'linux'" },
]

[[package]]
name = "fake-rpi"
version = "0.7.1"
source = { registry = "https://pypi.org/simple" }
dependencies = [
    { name = "numpy" },
]
sdist = { url = "https://files.pythonhosted.org/packages/6b/a0/4613cce35cc9683f3366c226b3525f8352f977e34afb13505ec85e704cfe/fake_rpi-0.7.1.tar.gz", hash = "sha256:9194842c49ad17afa5b492c52172d7e15790563e36a01fc5f525b606416e00ee", size = 7719, upload-time = "2020-05-26T22:10:55.961Z" }
wheels = [
    { url = "https://files.pythonhosted.org/packages/0c/c7/8b32c5a2e94445dfdcaf16a35776d68335a7dfd315a6614956286d88276f/fake_rpi-0.7.1-py3-none-any.whl", hash = "sha256:2ca5af521c095fcfd1d368a4e96d6b4445b3ad673470d63f0867d3411ac38ceb", size = 9522, upload-time = "2020-05-26T22:10:54.993Z" },
]

[[package]]
name = "numpy"
version = "2.2.6"
source = { registry = "https://pypi.org/simple" }
sdist = { url = "https://files.pythonhosted.org/packages/76/21/7d2a95e4bba9dc13d043ee156a356c0a8f0c6309dff6b21b4d71a073b8a8/numpy-2.2.6.tar.gz", hash = "sha256:e29554e2bef54a90aa5cc07da6ce955accb83f21ab5de01a62c8478897b264fd", size = 20276440, upload-time = "2025-05-17T22:38:04.611Z" }
wheels = [
    { url = "https://files.pythonhosted.org/packages/9a/3e/ed6db5be21ce87955c0cbd3009f2803f59fa08df21b5df06862e2d8e2bdd/numpy-2.2.6-cp310-cp310-macosx_10_9_x86_64.whl", hash = "sha256:b412caa66f72040e6d268491a59f2c43bf03eb6c96dd8f0307829feb7fa2b6fb", size = 21165245, upload-time = "2025-05-17T21:27:58.555Z" },
    { url = "https://files.pythonhosted.org/packages/22/c2/4b9221495b2a132cc9d2eb862e21d42a009f5a60e45fc44b00118c174bff/numpy-2.2.6-cp310-cp310-macosx_11_0_arm64.whl", hash = "sha256:8e41fd67c52b86603a91c1a505ebaef50b3314de0213461c7a6e99c9a3beff90", size = 14360048, upload-time = "2025-05-17T21:28:21.406Z" },
    { url = "https://files.pythonhosted.org/packages/fd/77/dc2fcfc66943c6410e2bf598062f5959372735ffda175b39906d54f02349/numpy-2.2.6-cp310-cp310-macosx_14_0_arm64.whl", hash = "sha256:37e990a01ae6ec7fe7fa1c26c55ecb672dd98b19c3d0e1d1f326fa13cb38d163", size = 5340542, upload-time = "2025-05-17T21:28:30.931Z" },
    { url = "https://files.pythonhosted.org/packages/7a/4f/1cb5fdc353a5f5cc7feb692db9b8ec2c3d6405453f982435efc52561df58/numpy-2.2.6-cp310-cp310-macosx_14_0_x86_64.whl", hash = "sha256:5a6429d4be8ca66d889b7cf70f536a397dc45ba6faeb5f8c5427935d9592e9cf", size = 6878301, upload-time = "2025-05-17T21:28:41.613Z" },
    { url = "https://files.pythonhosted.org/packages/eb/17/96a3acd228cec142fcb8723bd3cc39c2a474f7dcf0a5d16731980bcafa95/numpy-2.2.6-cp310-cp310-manylinux_2_17_aarch64.manylinux2014_aarch64.whl", hash = "sha256:efd28d4e9cd7d7a8d39074a4d44c63eda73401580c5c76acda2ce969e0a38e83", size = 14297320, upload-time = "2025-05-17T21:29:02.78Z" },
    { url = "https://files.pythonhosted.org/packages/b4/63/3de6a34ad7ad6646ac7d2f55ebc6ad439dbbf9c4370017c50cf403fb19b5/numpy-2.2.6-cp310-cp310-manylinux_2_17_x86_64.manylinux2014_x86_64.whl", hash = "sha256:fc7b73d02efb0e18c000e9ad8b83480dfcd5dfd11065997ed4c6747470ae8915", size = 16801050, upload-time = "2025-05-17T21:29:27.675Z" },
    { url = "https://files.pythonhosted.org/packages/07/b6/89d837eddef52b3d0cec5c6ba0456c1bf1b9ef6a6672fc2b7873c3ec4e2e/numpy-2.2.6-cp310-cp310-musllinux_1_2_aarch64.whl", hash = "sha256:74d4531beb257d2c3f4b261bfb0fc09e0f9ebb8842d82a7b4209415896adc680", size = 15807034, upload-time = "2025-05-17T21:29:51.102Z" },
    { url = "https://files.pythonhosted.org/packages/01/c8/dc6ae86e3c61cfec1f178e5c9f7858584049b6093f843bca541f94120920/numpy-2.2.6-cp310-cp310-musllinux_1_2_x86_64.whl", hash = "sha256:8fc377d995680230e83241d8a96def29f204b5782f371c532579b4f20607a289", size = 18614185, upload-time = "2025-05-17T21:30:18.703Z" },
    { url = "https://files.pythonhosted.org/packages/5b/c5/0064b1b7e7c89137b471ccec1fd2282fceaae0ab3a9550f2568782d80357/numpy-2.2.6-cp310-cp310-win32.whl", hash = "sha256:b093dd74e50a8cba3e873868d9e93a85b78e0daf2e98c6797566ad8044e8363d", size = 6527149, upload-time = "2025-05-17T21:30:29.788Z" },
    { url = "https://files.pythonhosted.org/packages/a3/dd/4b822569d6b96c39d1215dbae0582fd99954dcbcf0c1a13c61783feaca3f/numpy-2.2.6-cp310-cp310-win_amd64.whl", hash = "sha256:f0fd6321b839904e15c46e0d257fdd101dd7f530fe03fd6359c1ea63738703f3", size = 12904620, upload-time = "2025-05-17T21:30:48.994Z" },
    { url = "https://files.pythonhosted.org/packages/9e/3b/d94a75f4dbf1ef5d321523ecac21ef23a3cd2ac8b78ae2aac40873590229/numpy-2.2.6-pp310-pypy310_pp73-macosx_10_15_x86_64.whl", hash = "sha256:0b605b275d7bd0c640cad4e5d30fa701a8d59302e127e5f79138ad62762c3e3d", size = 21040391, upload-time = "2025-05-17T21:44:35.948Z" },
    { url = "https://files.pythonhosted.org/packages/17/f4/09b2fa1b58f0fb4f7c7963a1649c64c4d315752240377ed74d9cd878f7b5/numpy-2.2.6-pp310-pypy310_pp73-macosx_14_0_x86_64.whl", hash = "sha256:7befc596a7dc9da8a337f79802ee8adb30a552a94f792b9c9d18c840055907db", size = 6786754, upload-time = "2025-05-17T21:44:47.446Z" },
    { url = "https://files.pythonhosted.org/packages/af/30/feba75f143bdc868a1cc3f44ccfa6c4b9ec522b36458e738cd00f67b573f/numpy-2.2.6-pp310-pypy310_pp73-manylinux_2_17_x86_64.manylinux2014_x86_64.whl", hash = "sha256:ce47521a4754c8f4593837384bd3424880629f718d87c5d44f8ed763edd63543", size = 16643476, upload-time = "2025-05-17T21:45:11.871Z" },
    { url = "https://files.pythonhosted.org/packages/37/48/ac2a9584402fb6c0cd5b5d1a91dcf176b15760130dd386bbafdbfe3640bf/numpy-2.2.6-pp310-pypy310_pp73-win_amd64.whl", hash = "sha256:d042d24c90c41b54fd506da306759e06e568864df8ec17ccc17e9e884634fd00", size = 12812666, upload-time = "2025-05-17T21:45:31.426Z" },
]

[[package]]
name = "opencv-python"
version = "5.0.0.93"
source = { registry = "https://pypi.org/simple" }
dependencies = [
    { name = "numpy" },
]
sdist = { url = "https://files.pythonhosted.org/packages/79/4c/a438d23e09ce2033c09f7b784ad2fbdb0adf529e434101ed28f142226f98/opencv_python-5.0.0.93.tar.gz", hash = "sha256:66aac3e5b5faa48d4025816592f3af19e4bfc2c68dec067bae2dbb4ca10aa9e2", size = 81802749, upload-time = "2026-07-02T06:59:53.815Z" }
wheels = [
    { url = "https://files.pythonhosted.org/packages/9c/75/76f6ade78f6102c61034f828e2a22616708df2c9504bc8d6af9dd8f73dc5/opencv_python-5.0.0.93-cp37-abi3-macosx_13_0_arm64.whl", hash = "sha256:198a75138241810206a17c829dbcc40a7cb1841cda538ca86cbbfc6c7d95f898", size = 48322443, upload-time = "2026-07-02T05:50:25.466Z" },
    { url = "https://files.pythonhosted.org/packages/15/8c/bc1bda6aae69a32e9d84fc34153ba104cd25226861eb4aea33b2cea4860d/opencv_python-5.0.0.93-cp37-abi3-macosx_14_0_x86_64.whl", hash = "sha256:6bbc32f59e1b1a7db7b39c81f63d00625f041d333037fd8702f6da52cc39108b", size = 34782755, upload-time = "2026-07-02T05:51:30.556Z" },
    { url = "https://files.pythonhosted.org/packages/f4/8a/b04776ec45d2dea08a1b176f1829201db3515d4ed16c35f8fcc9fa7beb16/opencv_python-5.0.0.93-cp37-abi3-manylinux2014_aarch64.manylinux_2_17_aarch64.whl", hash = "sha256:e2b4272e736836f66c2d176e43ab8101f3a00d45654916399f52e150c58981ac", size = 50614064, upload-time = "2026-07-02T06:53:22.604Z" },
    { url = "https://files.pythonhosted.org/packages/95/54/eb47866b94f2b5b42dde17644b78055ef1ee05aae59962c7290e55270803/opencv_python-5.0.0.93-cp37-abi3-manylinux2014_x86_64.manylinux_2_17_x86_64.whl", hash = "sha256:f8b6d0a212253dd26ad338c812f1f23ca118fdf05a9c8c6b9444f161aa8c5881", size = 71064711, upload-time = "2026-07-02T06:54:13.148Z" },
    { url = "https://files.pythonhosted.org/packages/93/da/962579f1e703cbf8c5422fd1f576467dcb3b5b0b0b81c1471c979764353a/opencv_python-5.0.0.93-cp37-abi3-manylinux_2_28_aarch64.whl", hash = "sha256:08d5d91d967b58d6db86073b2ad3eaef88ca4ebdfd45c9059bf59f5ded0c7ad2", size = 49798576, upload-time = "2026-07-02T06:54:33.781Z" },
    { url = "https://files.pythonhosted.org/packages/cf/4c/c73f828fdbcd37eaf21d08fa852544a3ca7c2dbb3ea76873d64f2ea413d1/opencv_python-5.0.0.93-cp37-abi3-manylinux_2_28_x86_64.whl", hash = "sha256:c8de2dec111122a02e8beb28e16c31904992dfd6186560b142a92c71403c1039", size = 73783032, upload-time = "2026-07-02T06:55:03.415Z" },
    { url = "https://files.pythonhosted.org/packages/e2/4b/edaf83b996ca5a1a3d8ccad485706b9c6d4742b13b9c4586bf1c1e7d9423/opencv_python-5.0.0.93-cp37-abi3-win32.whl", hash = "sha256:4b4b1a34c79bf8d3738e3cfe9a9e67b51a79663f6b692cbdad8c31f570da4157", size = 35564734, upload-time = "2026-07-02T05:49:57.704Z" },
    { url = "https://files.pythonhosted.org/packages/21/f0/9fa6e85cb10c8eb36a0222d27e50fe381b86ce49a55446bf39f491727564/opencv_python-5.0.0.93-cp37-abi3-win_amd64.whl", hash = "sha256:f90ba04b8f73bc5c3814037699739f0156f597338a98f05956c684e7c3ca10d2", size = 44000345, upload-time = "2026-07-02T05:49:54.971Z" },
]

[[package]]
name = "rpi-gpio"
version = "0.7.1"
source = { registry = "https://pypi.org/simple" }
sdist = { url = "https://files.pythonhosted.org/packages/c4/0f/10b524a12b3445af1c607c27b2f5ed122ef55756e29942900e5c950735f2/RPi.GPIO-0.7.1.tar.gz", hash = "sha256:cd61c4b03c37b62bba4a5acfea9862749c33c618e0295e7e90aa4713fb373b70", size = 29090, upload-time = "2022-02-06T15:15:06.022Z" }
wheels = [
    { url = "https://files.pythonhosted.org/packages/40/48/e5698d5589d63907593c2909b8e4f0e7b559af19a73de003b1dabb5332c7/RPi.GPIO-0.7.1-cp310-cp310-linux_armv6l.whl", hash = "sha256:57b6c044ef5375a78c8dda27cdfadf329e76aa6943cd6cffbbbd345a9adf9ca5", size = 69820, upload-time = "2022-02-06T15:14:56.019Z" },
]
